<?xml version="1.0" encoding="utf-8"?>
<Project ToolsVersion="4.0" xmlns="http://schemas.microsoft.com/developer/msbuild/2003">
  <ItemGroup>
    <Filter Include="Source Files">
      <UniqueIdentifier>{4FC737F1-C7A5-4376-A066-2A32D752A2FF}</UniqueIdentifier>
      <Extensions>cpp;c;cc;cxx;def;odl;idl;hpj;bat;asm;asmx</Extensions>
    </Filter>
    <Filter Include="Header Files">
      <UniqueIdentifier>{93995380-89BD-4b04-88EB-625FBE52EBFB}</UniqueIdentifier>
      <Extensions>h;hh;hpp;hxx;hm;inl;inc;xsd</Extensions>
    </Filter>
    <Filter Include="Resource Files">
      <UniqueIdentifier>{67DA6AB6-F800-4c08-8B7A-83BB121AAD01}</UniqueIdentifier>
      <Extensions>rc;ico;cur;bmp;dlg;rc2;rct;bin;rgs;gif;jpg;jpeg;jpe;resx;tiff;tif;png;wav;mfcribbon-ms</Extensions>
    </Filter>
  </ItemGroup>
  <ItemGroup>
    <ClCompile Include="Main.cpp">
      <Filter>Source Files</Filter>
    </ClCompile>
    <ClCompile Include="cliParserBaseVisitor.cpp">
      <Filter>Source Files</Filter>
    </ClCompile>
    <ClCompile Include="cliParserLexer.cpp">
      <Filter>Source Files</Filter>
    </ClCompile>
    <ClCompile Include="cliParserParser.cpp">
      <Filter>Source Files</Filter>
    </ClCompile>
    <ClCompile Include="cliParserVisitor.cpp">
      <Filter>Source Files</Filter>
    </ClCompile>
    <ClCompile Include="CommandLineInterpreter.cpp">
      <Filter>Source Files</Filter>
    </ClCompile>
    <ClCompile Include="Visitor.cpp">
      <Filter>Source Files</Filter>
    </ClCompile>
    <ClCompile Include="Commands.cpp">
      <Filter>Source Files</Filter>
    </ClCompile>
    <ClCompile Include="cliParserBaseListener.cpp">
      <Filter>Source Files</Filter>
    </ClCompile>
    <ClCompile Include="cliParserListener.cpp">
      <Filter>Source Files</Filter>
    </ClCompile>
  </ItemGroup>
  <ItemGroup>
    <None Include="cliParser.tokens" />
    <None Include="cliParserLexer.tokens" />
  </ItemGroup>
  <ItemGroup>
    <ClInclude Include="cliParserBaseVisitor.h">
      <Filter>Header Files</Filter>
    </ClInclude>
    <ClInclude Include="cliParserLexer.h">
      <Filter>Header Files</Filter>
    </ClInclude>
    <ClInclude Include="cliParserParser.h">
      <Filter>Header Files</Filter>
    </ClInclude>
    <ClInclude Include="cliParserVisitor.h">
      <Filter>Header Files</Filter>
    </ClInclude>
    <ClInclude Include="CommandLineInterpreter.h">
      <Filter>Header Files</Filter>
    </ClInclude>
    <ClInclude Include="Visitor.h">
      <Filter>Header Files</Filter>
    </ClInclude>
    <ClInclude Include="Commands.h">
      <Filter>Header Files</Filter>
    </ClInclude>
    <ClInclude Include="cliParserBaseListener.h">
      <Filter>Header Files</Filter>
    </ClInclude>
    <ClInclude Include="cliParserListener.h">
      <Filter>Header Files</Filter>
    </ClInclude>
  </ItemGroup>
</Project>